// !$*UTF8*$!
{
	archiveVersion = 1;
	classes = {
	};
	objectVersion = 77;
	objects = {

/* Begin PBXBuildFile section */
		EB6A19952FE2A423001F1724 /* WidgetKit.framework in Frameworks */ = {isa = PBXBuildFile; fileRef = EB6A19942FE2A423001F1724 /* WidgetKit.framework */; };
		EB6A19972FE2A423001F1724 /* SwiftUI.framework in Frameworks */ = {isa = PBXBuildFile; fileRef = EB6A19962FE2A423001F1724 /* SwiftUI.framework */; };
		EB6A19A42FE2A424001F1724 /* LifeGameWidgetExtension.appex in Embed Foundation Extensions */ = {isa = PBXBuildFile; fileRef = EB6A19922FE2A423001F1724 /* LifeGameWidgetExtension.appex */; settings = {ATTRIBUTES = (RemoveHeadersOnCopy, ); }; };
		EB7B4ED130262C6C00BB8BF1 /* RiveRuntime in Frameworks */ = {isa = PBXBuildFile; productRef = EB7B4ED030262C6C00BB8BF1 /* RiveRuntime */; };
/* End PBXBuildFile section */

/* Begin PBXContainerItemProxy section */
		EB05F3C92FD2B77600D2B5A5 /* PBXContainerItemProxy */ = {
			isa = PBXContainerItemProxy;
			containerPortal = EB7D27552F5DAA2500E67CBE /* Project object */;
			proxyType = 1;
			remoteGlobalIDString = EB7D275C2F5DAA2500E67CBE;
			remoteInfo = LifeGame;
		};
		EB6A19A22FE2A424001F1724 /* PBXContainerItemProxy */ = {
			isa = PBXContainerItemProxy;
			containerPortal = EB7D27552F5DAA2500E67CBE /* Project object */;
			proxyType = 1;
			remoteGlobalIDString = EB6A19912FE2A423001F1724;
			remoteInfo = LifeGameWidgetExtension;
		};
/* End PBXContainerItemProxy section */

/* Begin PBXCopyFilesBuildPhase section */
		EB07640C2F6BF53C000462AB /* Embed Watch Content */ = {
			isa = PBXCopyFilesBuildPhase;
			buildActionMask = 2147483647;
			dstPath = "$(CONTENTS_FOLDER_PATH)/Watch";
			dstSubfolderSpec = 16;
			files = (
			);
			name = "Embed Watch Content";
			runOnlyForDeploymentPostprocessing = 0;
		};
		EB6A19A52FE2A424001F1724 /* Embed Foundation Extensions */ = {
			isa = PBXCopyFilesBuildPhase;
			buildActionMask = 2147483647;
			dstPath = "";
			dstSubfolderSpec = 13;
			files = (
				EB6A19A42FE2A424001F1724 /* LifeGameWidgetExtension.appex in Embed Foundation Extensions */,
			);
			name = "Embed Foundation Extensions";
			runOnlyForDeploymentPostprocessing = 0;
		};
/* End PBXCopyFilesBuildPhase section */

/* Begin PBXFileReference section */
		EB05F3C52FD2B77600D2B5A5 /* LifeGameTests.xctest */ = {isa = PBXFileReference; explicitFileType = wrapper.cfbundle; includeInIndex = 0; path = LifeGameTests.xctest; sourceTree = BUILT_PRODUCTS_DIR; };
		EB6A19922FE2A423001F1724 /* LifeGameWidgetExtension.appex */ = {isa = PBXFileReference; explicitFileType = "wrapper.app-extension"; includeInIndex = 0; path = LifeGameWidgetExtension.appex; sourceTree = BUILT_PRODUCTS_DIR; };
		EB6A19942FE2A423001F1724 /* WidgetKit.framework */ = {isa = PBXFileReference; lastKnownFileType = wrapper.framework; name = WidgetKit.framework; path = System/Library/Frameworks/WidgetKit.framework; sourceTree = SDKROOT; };
		EB6A19962FE2A423001F1724 /* SwiftUI.framework */ = {isa = PBXFileReference; lastKnownFileType = wrapper.framework; name = SwiftUI.framework; path = System/Library/Frameworks/SwiftUI.framework; sourceTree = SDKROOT; };
		EB6A19AA2FE2A49C001F1724 /* LifeGameWidgetExtension.entitlements */ = {isa = PBXFileReference; lastKnownFileType = text.plist.entitlements; path = LifeGameWidgetExtension.entitlements; sourceTree = "<group>"; };
		EB6A19AB2FE2A49C001F1724 /* LifeGameWidgetExtensionMac.entitlements */ = {isa = PBXFileReference; lastKnownFileType = text.plist.entitlements; path = LifeGameWidgetExtensionMac.entitlements; sourceTree = "<group>"; };
		EB9AEE642FD802FD004FDDF8 /* LifeGame.app */ = {isa = PBXFileReference; explicitFileType = wrapper.application; includeInIndex = 0; path = LifeGame.app; sourceTree = BUILT_PRODUCTS_DIR; };
		EBDBFF382FF15A33009D9148 /* LGWatch Watch App.app */ = {isa = PBXFileReference; explicitFileType = wrapper.application; includeInIndex = 0; path = "LGWatch Watch App.app"; sourceTree = BUILT_PRODUCTS_DIR; };
/* End PBXFileReference section */

/* Begin PBXFileSystemSynchronizedBuildFileExceptionSet section */
		EB6A19A92FE2A424001F1724 /* Exceptions for "LifeGameWidget" folder in "LifeGameWidgetExtension" target */ = {
			isa = PBXFileSystemSynchronizedBuildFileExceptionSet;
			membershipExceptions = (
				Info.plist,
			);
			target = EB6A19912FE2A423001F1724 /* LifeGameWidgetExtension */;
		};
		EB6A1C3C2FE6E8D3001F1724 /* Exceptions for "LifeGameWidget" folder in "LifeGame" target */ = {
			isa = PBXFileSystemSynchronizedBuildFileExceptionSet;
			membershipExceptions = (
				TodayStatusAttributes.swift,
			);
			target = EB7D275C2F5DAA2500E67CBE /* LifeGame */;
		};
		EB8E77142F5EA22C007C6BE7 /* Exceptions for "LifeGame" folder in "LifeGame" target */ = {
			isa = PBXFileSystemSynchronizedBuildFileExceptionSet;
			membershipExceptions = (
				Info.plist,
			);
			target = EB7D275C2F5DAA2500E67CBE /* LifeGame */;
		};
/* End PBXFileSystemSynchronizedBuildFileExceptionSet section */

/* Begin PBXFileSystemSynchronizedRootGroup section */
		EB05F3C62FD2B77600D2B5A5 /* LifeGameTests */ = {
			isa = PBXFileSystemSynchronizedRootGroup;
			path = LifeGameTests;
			sourceTree = "<group>";
		};
		EB6A19982FE2A423001F1724 /* LifeGameWidget */ = {
			isa = PBXFileSystemSynchronizedRootGroup;
			exceptions = (
				EB6A1C3C2FE6E8D3001F1724 /* Exceptions for "LifeGameWidget" folder in "LifeGame" target */,
				EB6A19A92FE2A424001F1724 /* Exceptions for "LifeGameWidget" folder in "LifeGameWidgetExtension" target */,
			);
			path = LifeGameWidget;
			sourceTree = "<group>";
		};
		EB7D275F2F5DAA2500E67CBE /* LifeGame */ = {
			isa = PBXFileSystemSynchronizedRootGroup;
			exceptions = (
				EB8E77142F5EA22C007C6BE7 /* Exceptions for "LifeGame" folder in "LifeGame" target */,
			);
			path = LifeGame;
			sourceTree = "<group>";
		};
		EBDBFF392FF15A33009D9148 /* LGWatch Watch App */ = {
			isa = PBXFileSystemSynchronizedRootGroup;
			path = "LGWatch Watch App";
			sourceTree = "<group>";
		};
/* End PBXFileSystemSynchronizedRootGroup section */

/* Begin PBXFrameworksBuildPhase section */
		EB05F3C22FD2B77600D2B5A5 /* Frameworks */ = {
			isa = PBXFrameworksBuildPhase;
			buildActionMask = 2147483647;
			files = (
			);
			runOnlyForDeploymentPostprocessing = 0;
		};
		EB6A198F2FE2A423001F1724 /* Frameworks */ = {
			isa = PBXFrameworksBuildPhase;
			buildActionMask = 2147483647;
			files = (
				EB6A19972FE2A423001F1724 /* SwiftUI.framework in Frameworks */,
				EB6A19952FE2A423001F1724 /* WidgetKit.framework in Frameworks */,
			);
			runOnlyForDeploymentPostprocessing = 0;
		};
		EB7D275A2F5DAA2500E67CBE /* Frameworks */ = {
			isa = PBXFrameworksBuildPhase;
			buildActionMask = 2147483647;
			files = (
				EB7B4ED130262C6C00BB8BF1 /* RiveRuntime in Frameworks */,
			);
			runOnlyForDeploymentPostprocessing = 0;
		};
		EBDBFF352FF15A33009D9148 /* Frameworks */ = {
			isa = PBXFrameworksBuildPhase;
			buildActionMask = 2147483647;
			files = (
			);
			runOnlyForDeploymentPostprocessing = 0;
		};
/* End PBXFrameworksBuildPhase section */

/* Begin PBXGroup section */
		EB6A19932FE2A423001F1724 /* Frameworks */ = {
			isa = PBXGroup;
			children = (
				EB6A19942FE2A423001F1724 /* WidgetKit.framework */,
				EB6A19962FE2A423001F1724 /* SwiftUI.framework */,
			);
			name = Frameworks;
			sourceTree = "<group>";
		};
		EB7D27542F5DAA2500E67CBE = {
			isa = PBXGroup;
			children = (
				EB6A19AA2FE2A49C001F1724 /* LifeGameWidgetExtension.entitlements */,
				EB7D275F2F5DAA2500E67CBE /* LifeGame */,
				EB6A19AB2FE2A49C001F1724 /* LifeGameWidgetExtensionMac.entitlements */,
				EB05F3C52FD2B77600D2B5A5 /* LifeGameTests.xctest */,
				EB05F3C62FD2B77600D2B5A5 /* LifeGameTests */,
				EB9AEE642FD802FD004FDDF8 /* LifeGame.app */,
				EB6A19922FE2A423001F1724 /* LifeGameWidgetExtension.appex */,
				EB6A19982FE2A423001F1724 /* LifeGameWidget */,
				EBDBFF392FF15A33009D9148 /* LGWatch Watch App */,
				EB6A19932FE2A423001F1724 /* Frameworks */,
				EBDBFF382FF15A33009D9148 /* LGWatch Watch App.app */,
			);
			sourceTree = "<group>";
		};
/* End PBXGroup section */

/* Begin PBXNativeTarget section */
		EB05F3C42FD2B77600D2B5A5 /* LifeGameTests */ = {
			isa = PBXNativeTarget;
			buildConfigurationList = EB05F3CB2FD2B77600D2B5A5 /* Build configuration list for PBXNativeTarget "LifeGameTests" */;
			buildPhases = (
				EB05F3C12FD2B77600D2B5A5 /* Sources */,
				EB05F3C22FD2B77600D2B5A5 /* Frameworks */,
				EB05F3C32FD2B77600D2B5A5 /* Resources */,
			);
			buildRules = (
			);
			dependencies = (
				EB05F3CA2FD2B77600D2B5A5 /* PBXTargetDependency */,
			);
			fileSystemSynchronizedGroups = (
				EB05F3C62FD2B77600D2B5A5 /* LifeGameTests */,
			);
			name = LifeGameTests;
			packageProductDependencies = (
			);
			productName = LifeGameTests;
			productReference = EB05F3C52FD2B77600D2B5A5 /* LifeGameTests.xctest */;
			productType = "com.apple.product-type.bundle.unit-test";
		};
		EB6A19912FE2A423001F1724 /* LifeGameWidgetExtension */ = {
			isa = PBXNativeTarget;
			buildConfigurationList = EB6A19A82FE2A424001F1724 /* Build configuration list for PBXNativeTarget "LifeGameWidgetExtension" */;
			buildPhases = (
				EB6A198E2FE2A423001F1724 /* Sources */,
				EB6A198F2FE2A423001F1724 /* Frameworks */,
				EB6A19902FE2A423001F1724 /* Resources */,
			);
			buildRules = (
			);
			dependencies = (
			);
			fileSystemSynchronizedGroups = (
				EB6A19982FE2A423001F1724 /* LifeGameWidget */,
			);
			name = LifeGameWidgetExtension;
			packageProductDependencies = (
			);
			productName = LifeGameWidgetExtension;
			productReference = EB6A19922FE2A423001F1724 /* LifeGameWidgetExtension.appex */;
			productType = "com.apple.product-type.app-extension";
		};
		EB7D275C2F5DAA2500E67CBE /* LifeGame */ = {
			isa = PBXNativeTarget;
			buildConfigurationList = EB7D27682F5DAA2700E67CBE /* Build configuration list for PBXNativeTarget "LifeGame" */;
			buildPhases = (
				EB7D27592F5DAA2500E67CBE /* Sources */,
				EB7D275A2F5DAA2500E67CBE /* Frameworks */,
				EB7D275B2F5DAA2500E67CBE /* Resources */,
				EB07640C2F6BF53C000462AB /* Embed Watch Content */,
				EB6A19A52FE2A424001F1724 /* Embed Foundation Extensions */,
			);
			buildRules = (
			);
			dependencies = (
				EB6A19A32FE2A424001F1724 /* PBXTargetDependency */,
			);
			fileSystemSynchronizedGroups = (
				EB7D275F2F5DAA2500E67CBE /* LifeGame */,
			);
			name = LifeGame;
			packageProductDependencies = (
				EB7B4ED030262C6C00BB8BF1 /* RiveRuntime */,
			);
			productName = LifeGame;
			productReference = EB9AEE642FD802FD004FDDF8 /* LifeGame.app */;
			productType = "com.apple.product-type.application";
		};
		EBDBFF372FF15A33009D9148 /* LGWatch Watch App */ = {
			isa = PBXNativeTarget;
			buildConfigurationList = EBDBFF452FF15A34009D9148 /* Build configuration list for PBXNativeTarget "LGWatch Watch App" */;
			buildPhases = (
				EBDBFF342FF15A33009D9148 /* Sources */,
				EBDBFF352FF15A33009D9148 /* Frameworks */,
				EBDBFF362FF15A33009D9148 /* Resources */,
			);
			buildRules = (
			);
			dependencies = (
			);
			fileSystemSynchronizedGroups = (
				EBDBFF392FF15A33009D9148 /* LGWatch Watch App */,
			);
			name = "LGWatch Watch App";
			packageProductDependencies = (
			);
			productName = "LGWatch Watch App";
			productReference = EBDBFF382FF15A33009D9148 /* LGWatch Watch App.app */;
			productType = "com.apple.product-type.application";
		};
/* End PBXNativeTarget section */

/* Begin PBXProject section */
		EB7D27552F5DAA2500E67CBE /* Project object */ = {
			isa = PBXProject;
			attributes = {
				BuildIndependentTargetsInParallel = 1;
				LastSwiftUpdateCheck = 2660;
				LastUpgradeCheck = 2610;
				TargetAttributes = {
					EB05F3C42FD2B77600D2B5A5 = {
						CreatedOnToolsVersion = 26.3;
						TestTargetID = EB7D275C2F5DAA2500E67CBE;
					};
					EB6A19912FE2A423001F1724 = {
						CreatedOnToolsVersion = 26.5;
					};
					EB7D275C2F5DAA2500E67CBE = {
						CreatedOnToolsVersion = 26.1.1;
					};
					EBDBFF372FF15A33009D9148 = {
						CreatedOnToolsVersion = 26.6;
					};
				};
			};
			buildConfigurationList = EB7D27582F5DAA2500E67CBE /* Build configuration list for PBXProject "LifeGame" */;
			developmentRegion = "zh-Hant";
			hasScannedForEncodings = 0;
			knownRegions = (
				en,
				Base,
				"zh-Hant",
				ja,
			);
			mainGroup = EB7D27542F5DAA2500E67CBE;
			minimizedProjectReferenceProxies = 1;
			packageReferences = (
				EB7B4ECF30262C6C00BB8BF1 /* XCRemoteSwiftPackageReference "rive-ios" */,
			);
			preferredProjectObjectVersion = 77;
			productRefGroup = EB7D27542F5DAA2500E67CBE;
			projectDirPath = "";
			projectRoot = "";
			targets = (
				EB7D275C2F5DAA2500E67CBE /* LifeGame */,
				EB05F3C42FD2B77600D2B5A5 /* LifeGameTests */,
				EB6A19912FE2A423001F1724 /* LifeGameWidgetExtension */,
				EBDBFF372FF15A33009D9148 /* LGWatch Watch App */,
			);
		};
/* End PBXProject section */

/* Begin PBXResourcesBuildPhase section */
		EB05F3C32FD2B77600D2B5A5 /* Resources */ = {
			isa = PBXResourcesBuildPhase;
			buildActionMask = 2147483647;
			files = (
			);
			runOnlyForDeploymentPostprocessing = 0;
		};
		EB6A19902FE2A423001F1724 /* Resources */ = {
			isa = PBXResourcesBuildPhase;
			buildActionMask = 2147483647;
			files = (
			);
			runOnlyForDeploymentPostprocessing = 0;
		};
		EB7D275B2F5DAA2500E67CBE /* Resources */ = {
			isa = PBXResourcesBuildPhase;
			buildActionMask = 2147483647;
			files = (
			);
			runOnlyForDeploymentPostprocessing = 0;
		};
		EBDBFF362FF15A33009D9148 /* Resources */ = {
			isa = PBXResourcesBuildPhase;
			buildActionMask = 2147483647;
			files = (
			);
			runOnlyForDeploymentPostprocessing = 0;
		};
/* End PBXResourcesBuildPhase section */

/* Begin PBXSourcesBuildPhase section */
		EB05F3C12FD2B77600D2B5A5 /* Sources */ = {
			isa = PBXSourcesBuildPhase;
			buildActionMask = 2147483647;
			files = (
			);
			runOnlyForDeploymentPostprocessing = 0;
		};
		EB6A198E2FE2A423001F1724 /* Sources */ = {
			isa = PBXSourcesBuildPhase;
			buildActionMask = 2147483647;
			files = (
			);
			runOnlyForDeploymentPostprocessing = 0;
		};
		EB7D27592F5DAA2500E67CBE /* Sources */ = {
			isa = PBXSourcesBuildPhase;
			buildActionMask = 2147483647;
			files = (
			);
			runOnlyForDeploymentPostprocessing = 0;
		};
		EBDBFF342FF15A33009D9148 /* Sources */ = {
			isa = PBXSourcesBuildPhase;
			buildActionMask = 2147483647;
			files = (
			);
			runOnlyForDeploymentPostprocessing = 0;
		};
/* End PBXSourcesBuildPhase section */

/* Begin PBXTargetDependency section */
		EB05F3CA2FD2B77600D2B5A5 /* PBXTargetDependency */ = {
			isa = PBXTargetDependency;
			target = EB7D275C2F5DAA2500E67CBE /* LifeGame */;
			targetProxy = EB05F3C92FD2B77600D2B5A5 /* PBXContainerItemProxy */;
		};
		EB6A19A32FE2A424001F1724 /* PBXTargetDependency */ = {
			isa = PBXTargetDependency;
			target = EB6A19912FE2A423001F1724 /* LifeGameWidgetExtension */;
			targetProxy = EB6A19A22FE2A424001F1724 /* PBXContainerItemProxy */;
		};
/* End PBXTargetDependency section */

/* Begin XCBuildConfiguration section */
		EB05F3CC2FD2B77600D2B5A5 /* Debug */ = {
			isa = XCBuildConfiguration;
			buildSettings = {
				BUNDLE_LOADER = "$(TEST_HOST)";
				CODE_SIGN_STYLE = Automatic;
				CURRENT_PROJECT_VERSION = 1;
				GENERATE_INFOPLIST_FILE = YES;
				IPHONEOS_DEPLOYMENT_TARGET = 26.2;
				MARKETING_VERSION = 1.0;
				PRODUCT_BUNDLE_IDENTIFIER = "---.LifeGameTests";
				PRODUCT_NAME = "$(TARGET_NAME)";
				STRING_CATALOG_GENERATE_SYMBOLS = NO;
				SWIFT_APPROACHABLE_CONCURRENCY = YES;
				SWIFT_EMIT_LOC_STRINGS = NO;
				SWIFT_UPCOMING_FEATURE_MEMBER_IMPORT_VISIBILITY = YES;
				SWIFT_VERSION = 5.0;
				TARGETED_DEVICE_FAMILY = "1,2";
				TEST_HOST = "$(BUILT_PRODUCTS_DIR)/LifeGame.app/$(BUNDLE_EXECUTABLE_FOLDER_PATH)/LifeGame";
			};
			name = Debug;
		};
		EB05F3CD2FD2B77600D2B5A5 /* Release */ = {
			isa = XCBuildConfiguration;
			buildSettings = {
				BUNDLE_LOADER = "$(TEST_HOST)";
				CODE_SIGN_STYLE = Automatic;
				CURRENT_PROJECT_VERSION = 1;
				GENERATE_INFOPLIST_FILE = YES;
				IPHONEOS_DEPLOYMENT_TARGET = 26.2;
				MARKETING_VERSION = 1.0;
				PRODUCT_BUNDLE_IDENTIFIER = "---.LifeGameTests";
				PRODUCT_NAME = "$(TARGET_NAME)";
				STRING_CATALOG_GENERATE_SYMBOLS = NO;
				SWIFT_APPROACHABLE_CONCURRENCY = YES;
				SWIFT_EMIT_LOC_STRINGS = NO;
				SWIFT_UPCOMING_FEATURE_MEMBER_IMPORT_VISIBILITY = YES;
				SWIFT_VERSION = 5.0;
				TARGETED_DEVICE_FAMILY = "1,2";
				TEST_HOST = "$(BUILT_PRODUCTS_DIR)/LifeGame.app/$(BUNDLE_EXECUTABLE_FOLDER_PATH)/LifeGame";
			};
			name = Release;
		};
		EB6A19A62FE2A424001F1724 /* Debug */ = {
			isa = XCBuildConfiguration;
			buildSettings = {
				ASSETCATALOG_COMPILER_GLOBAL_ACCENT_COLOR_NAME = AccentColor;
				ASSETCATALOG_COMPILER_WIDGET_BACKGROUND_COLOR_NAME = WidgetBackground;
				CODE_SIGN_ENTITLEMENTS = LifeGameWidgetExtension.entitlements;
				"CODE_SIGN_ENTITLEMENTS[sdk=macosx*]" = LifeGameWidgetExtensionMac.entitlements;
				CODE_SIGN_IDENTITY = "Apple Development";
				CODE_SIGN_STYLE = Automatic;
				CURRENT_PROJECT_VERSION = 11;
				DEVELOPMENT_TEAM = 7QVWAH8C25;
				GENERATE_INFOPLIST_FILE = YES;
				INFOPLIST_FILE = LifeGameWidget/Info.plist;
				INFOPLIST_KEY_CFBundleDisplayName = LifeGameWidget;
				INFOPLIST_KEY_NSHumanReadableCopyright = "";
				IPHONEOS_DEPLOYMENT_TARGET = 17.0;
				LD_RUNPATH_SEARCH_PATHS = (
					"$(inherited)",
					"@executable_path/Frameworks",
					"@executable_path/../../Frameworks",
				);
				MARKETING_VERSION = 1.20;
				PRODUCT_BUNDLE_IDENTIFIER = com.haruki.lifegame.LifeGameWidget;
				PRODUCT_NAME = "$(TARGET_NAME)";
				SKIP_INSTALL = YES;
				STRING_CATALOG_GENERATE_SYMBOLS = NO;
				SUPPORTED_PLATFORMS = "iphoneos iphonesimulator";
				SUPPORTS_MACCATALYST = YES;
				SWIFT_APPROACHABLE_CONCURRENCY = YES;
				SWIFT_EMIT_LOC_STRINGS = YES;
				SWIFT_UPCOMING_FEATURE_MEMBER_IMPORT_VISIBILITY = YES;
				SWIFT_VERSION = 5.0;
				TARGETED_DEVICE_FAMILY = "1,2";
			};
			name = Debug;
		};
		EB6A19A72FE2A424001F1724 /* Release */ = {
			isa = XCBuildConfiguration;
			buildSettings = {
				ASSETCATALOG_COMPILER_GLOBAL_ACCENT_COLOR_NAME = AccentColor;
				ASSETCATALOG_COMPILER_WIDGET_BACKGROUND_COLOR_NAME = WidgetBackground;
				CODE_SIGN_ENTITLEMENTS = LifeGameWidgetExtension.entitlements;
				"CODE_SIGN_ENTITLEMENTS[sdk=macosx*]" = LifeGameWidgetExtensionMac.entitlements;
				CODE_SIGN_STYLE = Automatic;
				CURRENT_PROJECT_VERSION = 11;
				DEVELOPMENT_TEAM = 7QVWAH8C25;
				GENERATE_INFOPLIST_FILE = YES;
				INFOPLIST_FILE = LifeGameWidget/Info.plist;
				INFOPLIST_KEY_CFBundleDisplayName = LifeGameWidget;
				INFOPLIST_KEY_NSHumanReadableCopyright = "";
				IPHONEOS_DEPLOYMENT_TARGET = 17.0;
				LD_RUNPATH_SEARCH_PATHS = (
					"$(inherited)",
					"@executable_path/Frameworks",
					"@executable_path/../../Frameworks",
				);
				MARKETING_VERSION = 1.20;
				PRODUCT_BUNDLE_IDENTIFIER = com.haruki.lifegame.LifeGameWidget;
				PRODUCT_NAME = "$(TARGET_NAME)";
				SKIP_INSTALL = YES;
				STRING_CATALOG_GENERATE_SYMBOLS = NO;
				SUPPORTED_PLATFORMS = "iphoneos iphonesimulator";
				SUPPORTS_MACCATALYST = YES;
				SWIFT_APPROACHABLE_CONCURRENCY = YES;
				SWIFT_EMIT_LOC_STRINGS = YES;
				SWIFT_UPCOMING_FEATURE_MEMBER_IMPORT_VISIBILITY = YES;
				SWIFT_VERSION = 5.0;
				TARGETED_DEVICE_FAMILY = "1,2";
			};
			name = Release;
		};
		EB7D27662F5DAA2700E67CBE /* Debug */ = {
			isa = XCBuildConfiguration;
			buildSettings = {
				ALWAYS_SEARCH_USER_PATHS = NO;
				ASSETCATALOG_COMPILER_GENERATE_SWIFT_ASSET_SYMBOL_EXTENSIONS = YES;
				CLANG_ANALYZER_NONNULL = YES;
				CLANG_ANALYZER_NUMBER_OBJECT_CONVERSION = YES_AGGRESSIVE;
				CLANG_CXX_LANGUAGE_STANDARD = "gnu++20";
				CLANG_ENABLE_MODULES = YES;
				CLANG_ENABLE_OBJC_ARC = YES;
				CLANG_ENABLE_OBJC_WEAK = YES;
				CLANG_WARN_BLOCK_CAPTURE_AUTORELEASING = YES;
				CLANG_WARN_BOOL_CONVERSION = YES;
				CLANG_WARN_COMMA = YES;
				CLANG_WARN_CONSTANT_CONVERSION = YES;
				CLANG_WARN_DEPRECATED_OBJC_IMPLEMENTATIONS = YES;
				CLANG_WARN_DIRECT_OBJC_ISA_USAGE = YES_ERROR;
				CLANG_WARN_DOCUMENTATION_COMMENTS = YES;
				CLANG_WARN_EMPTY_BODY = YES;
				CLANG_WARN_ENUM_CONVERSION = YES;
				CLANG_WARN_INFINITE_RECURSION = YES;
				CLANG_WARN_INT_CONVERSION = YES;
				CLANG_WARN_NON_LITERAL_NULL_CONVERSION = YES;
				CLANG_WARN_OBJC_IMPLICIT_RETAIN_SELF = YES;
				CLANG_WARN_OBJC_LITERAL_CONVERSION = YES;
				CLANG_WARN_OBJC_ROOT_CLASS = YES_ERROR;
				CLANG_WARN_QUOTED_INCLUDE_IN_FRAMEWORK_HEADER = YES;
				CLANG_WARN_RANGE_LOOP_ANALYSIS = YES;
				CLANG_WARN_STRICT_PROTOTYPES = YES;
				CLANG_WARN_SUSPICIOUS_MOVE = YES;
				CLANG_WARN_UNGUARDED_AVAILABILITY = YES_AGGRESSIVE;
				CLANG_WARN_UNREACHABLE_CODE = YES;
				CLANG_WARN__DUPLICATE_METHOD_MATCH = YES;
				COPY_PHASE_STRIP = NO;
				DEBUG_INFORMATION_FORMAT = dwarf;
				ENABLE_STRICT_OBJC_MSGSEND = YES;
				ENABLE_TESTABILITY = YES;
				ENABLE_USER_SCRIPT_SANDBOXING = YES;
				GCC_C_LANGUAGE_STANDARD = gnu17;
				GCC_DYNAMIC_NO_PIC = NO;
				GCC_NO_COMMON_BLOCKS = YES;
				GCC_OPTIMIZATION_LEVEL = 0;
				GCC_PREPROCESSOR_DEFINITIONS = (
					"DEBUG=1",
					"$(inherited)",
				);
				GCC_WARN_64_TO_32_BIT_CONVERSION = YES;
				GCC_WARN_ABOUT_RETURN_TYPE = YES_ERROR;
				GCC_WARN_UNDECLARED_SELECTOR = YES;
				GCC_WARN_UNINITIALIZED_AUTOS = YES_AGGRESSIVE;
				GCC_WARN_UNUSED_FUNCTION = YES;
				GCC_WARN_UNUSED_VARIABLE = YES;
				IPHONEOS_DEPLOYMENT_TARGET = 17.0;
				LOCALIZATION_PREFERS_STRING_CATALOGS = YES;
				MTL_ENABLE_DEBUG_INFO = INCLUDE_SOURCE;
				MTL_FAST_MATH = YES;
				ONLY_ACTIVE_ARCH = YES;
				SDKROOT = iphoneos;
				STRING_CATALOG_GENERATE_SYMBOLS = NO;
				SWIFT_ACTIVE_COMPILATION_CONDITIONS = "DEBUG $(inherited)";
				SWIFT_OPTIMIZATION_LEVEL = "-Onone";
			};
			name = Debug;
		};
		EB7D27672F5DAA2700E67CBE /* Release */ = {
			isa = XCBuildConfiguration;
			buildSettings = {
				ALWAYS_SEARCH_USER_PATHS = NO;
				ASSETCATALOG_COMPILER_GENERATE_SWIFT_ASSET_SYMBOL_EXTENSIONS = YES;
				CLANG_ANALYZER_NONNULL = YES;
				CLANG_ANALYZER_NUMBER_OBJECT_CONVERSION = YES_AGGRESSIVE;
				CLANG_CXX_LANGUAGE_STANDARD = "gnu++20";
				CLANG_ENABLE_MODULES = YES;
				CLANG_ENABLE_OBJC_ARC = YES;
				CLANG_ENABLE_OBJC_WEAK = YES;
				CLANG_WARN_BLOCK_CAPTURE_AUTORELEASING = YES;
				CLANG_WARN_BOOL_CONVERSION = YES;
				CLANG_WARN_COMMA = YES;
				CLANG_WARN_CONSTANT_CONVERSION = YES;
				CLANG_WARN_DEPRECATED_OBJC_IMPLEMENTATIONS = YES;
				CLANG_WARN_DIRECT_OBJC_ISA_USAGE = YES_ERROR;
				CLANG_WARN_DOCUMENTATION_COMMENTS = YES;
				CLANG_WARN_EMPTY_BODY = YES;
				CLANG_WARN_ENUM_CONVERSION = YES;
				CLANG_WARN_INFINITE_RECURSION = YES;
				CLANG_WARN_INT_CONVERSION = YES;
				CLANG_WARN_NON_LITERAL_NULL_CONVERSION = YES;
				CLANG_WARN_OBJC_IMPLICIT_RETAIN_SELF = YES;
				CLANG_WARN_OBJC_LITERAL_CONVERSION = YES;
				CLANG_WARN_OBJC_ROOT_CLASS = YES_ERROR;
				CLANG_WARN_QUOTED_INCLUDE_IN_FRAMEWORK_HEADER = YES;
				CLANG_WARN_RANGE_LOOP_ANALYSIS = YES;
				CLANG_WARN_STRICT_PROTOTYPES = YES;
				CLANG_WARN_SUSPICIOUS_MOVE = YES;
				CLANG_WARN_UNGUARDED_AVAILABILITY = YES_AGGRESSIVE;
				CLANG_WARN_UNREACHABLE_CODE = YES;
				CLANG_WARN__DUPLICATE_METHOD_MATCH = YES;
				COPY_PHASE_STRIP = NO;
				DEBUG_INFORMATION_FORMAT = "dwarf-with-dsym";
				ENABLE_NS_ASSERTIONS = NO;
				ENABLE_STRICT_OBJC_MSGSEND = YES;
				ENABLE_USER_SCRIPT_SANDBOXING = YES;
				GCC_C_LANGUAGE_STANDARD = gnu17;
				GCC_NO_COMMON_BLOCKS = YES;
				GCC_WARN_64_TO_32_BIT_CONVERSION = YES;
				GCC_WARN_ABOUT_RETURN_TYPE = YES_ERROR;
				GCC_WARN_UNDECLARED_SELECTOR = YES;
				GCC_WARN_UNINITIALIZED_AUTOS = YES_AGGRESSIVE;
				GCC_WARN_UNUSED_FUNCTION = YES;
				GCC_WARN_UNUSED_VARIABLE = YES;
				IPHONEOS_DEPLOYMENT_TARGET = 17.0;
				LOCALIZATION_PREFERS_STRING_CATALOGS = YES;
				MTL_ENABLE_DEBUG_INFO = NO;
				MTL_FAST_MATH = YES;
				SDKROOT = iphoneos;
				STRING_CATALOG_GENERATE_SYMBOLS = NO;
				SWIFT_COMPILATION_MODE = wholemodule;
				VALIDATE_PRODUCT = YES;
			};
			name = Release;
		};
		EB7D27692F5DAA2700E67CBE /* Debug */ = {
			isa = XCBuildConfiguration;
			buildSettings = {
				ASSETCATALOG_COMPILER_APPICON_NAME = AppIcon;
				ASSETCATALOG_COMPILER_GLOBAL_ACCENT_COLOR_NAME = AccentColor;
				CODE_SIGN_ALLOW_ENTITLEMENTS_MODIFICATION = YES;
				CODE_SIGN_ENTITLEMENTS = LifeGame/LifeGameDebug.entitlements;
				"CODE_SIGN_ENTITLEMENTS[sdk=macosx*]" = LifeGame/LifeGameMacDebug.entitlements;
				CODE_SIGN_IDENTITY = "Apple Development";
				CODE_SIGN_STYLE = Automatic;
				CURRENT_PROJECT_VERSION = 11;
				DEVELOPMENT_TEAM = 7QVWAH8C25;
				ENABLE_APP_SANDBOX = YES;
				ENABLE_HARDENED_RUNTIME = YES;
				ENABLE_OUTGOING_NETWORK_CONNECTIONS = YES;
				ENABLE_PREVIEWS = YES;
				ENABLE_RESOURCE_ACCESS_PHOTO_LIBRARY = YES;
				GENERATE_INFOPLIST_FILE = YES;
				INFOPLIST_FILE = LifeGame/Info.plist;
				INFOPLIST_KEY_NSCalendarsFullAccessUsageDescription = "LifeGame 需要存取你的行事曆，以便新增和管理事件";
				INFOPLIST_KEY_NSMotionUsageDescription = "LifeGame 使用動態感應器來產生卡片視差效果";
				INFOPLIST_KEY_NSPhotoLibraryUsageDescription = "LifeGame 需要存取你的相簿，讓你為日誌加入照片";
				INFOPLIST_KEY_UIApplicationSceneManifest_Generation = YES;
				INFOPLIST_KEY_UIApplicationSupportsIndirectInputEvents = YES;
				INFOPLIST_KEY_UILaunchScreen_Generation = YES;
				INFOPLIST_KEY_UISupportedInterfaceOrientations_iPad = "UIInterfaceOrientationPortrait UIInterfaceOrientationPortraitUpsideDown UIInterfaceOrientationLandscapeLeft UIInterfaceOrientationLandscapeRight";
				INFOPLIST_KEY_UISupportedInterfaceOrientations_iPhone = "UIInterfaceOrientationPortrait UIInterfaceOrientationLandscapeLeft UIInterfaceOrientationLandscapeRight";
				LD_RUNPATH_SEARCH_PATHS = (
					"$(inherited)",
					"@executable_path/Frameworks",
				);
				MARKETING_VERSION = 1.20;
				PRODUCT_BUNDLE_IDENTIFIER = com.haruki.lifegame;
				PRODUCT_NAME = "$(TARGET_NAME)";
				PROVISIONING_PROFILE_SPECIFIER = "";
				REGISTER_APP_GROUPS = YES;
				STRING_CATALOG_GENERATE_SYMBOLS = NO;
				SUPPORTED_PLATFORMS = "iphoneos iphonesimulator";
				SUPPORTS_MACCATALYST = YES;
				SUPPORTS_XR_DESIGNED_FOR_IPHONE_IPAD = NO;
				SWIFT_APPROACHABLE_CONCURRENCY = YES;
				SWIFT_DEFAULT_ACTOR_ISOLATION = MainActor;
				SWIFT_EMIT_LOC_STRINGS = YES;
				SWIFT_UPCOMING_FEATURE_MEMBER_IMPORT_VISIBILITY = YES;
				SWIFT_VERSION = 5.0;
				TARGETED_DEVICE_FAMILY = "1,2";
			};
			name = Debug;
		};
		EB7D276A2F5DAA2700E67CBE /* Release */ = {
			isa = XCBuildConfiguration;
			buildSettings = {
				ASSETCATALOG_COMPILER_APPICON_NAME = AppIcon;
				ASSETCATALOG_COMPILER_GLOBAL_ACCENT_COLOR_NAME = AccentColor;
				CODE_SIGN_ENTITLEMENTS = LifeGame/LifeGame.entitlements;
				"CODE_SIGN_ENTITLEMENTS[sdk=macosx*]" = LifeGame/LifeGameMac.entitlements;
				CODE_SIGN_STYLE = Automatic;
				CURRENT_PROJECT_VERSION = 11;
				DEVELOPMENT_TEAM = 7QVWAH8C25;
				ENABLE_PREVIEWS = YES;
				GENERATE_INFOPLIST_FILE = YES;
				INFOPLIST_FILE = LifeGame/Info.plist;
				INFOPLIST_KEY_NSCalendarsFullAccessUsageDescription = "LifeGame 需要存取你的行事曆，以便新增和管理事件";
				INFOPLIST_KEY_NSMotionUsageDescription = "LifeGame 使用動態感應器來產生卡片視差效果";
				INFOPLIST_KEY_NSPhotoLibraryUsageDescription = "LifeGame 需要存取你的相簿，讓你為日誌加入照片";
				INFOPLIST_KEY_UIApplicationSceneManifest_Generation = YES;
				INFOPLIST_KEY_UIApplicationSupportsIndirectInputEvents = YES;
				INFOPLIST_KEY_UILaunchScreen_Generation = YES;
				INFOPLIST_KEY_UISupportedInterfaceOrientations_iPad = "UIInterfaceOrientationPortrait UIInterfaceOrientationPortraitUpsideDown UIInterfaceOrientationLandscapeLeft UIInterfaceOrientationLandscapeRight";
				INFOPLIST_KEY_UISupportedInterfaceOrientations_iPhone = "UIInterfaceOrientationPortrait UIInterfaceOrientationLandscapeLeft UIInterfaceOrientationLandscapeRight";
				LD_RUNPATH_SEARCH_PATHS = (
					"$(inherited)",
					"@executable_path/Frameworks",
				);
				MARKETING_VERSION = 1.20;
				PRODUCT_BUNDLE_IDENTIFIER = com.haruki.lifegame;
				PRODUCT_NAME = "$(TARGET_NAME)";
				STRING_CATALOG_GENERATE_SYMBOLS = NO;
				SUPPORTED_PLATFORMS = "iphoneos iphonesimulator";
				SUPPORTS_MACCATALYST = YES;
				SUPPORTS_XR_DESIGNED_FOR_IPHONE_IPAD = NO;
				SWIFT_APPROACHABLE_CONCURRENCY = YES;
				SWIFT_DEFAULT_ACTOR_ISOLATION = MainActor;
				SWIFT_EMIT_LOC_STRINGS = YES;
				SWIFT_UPCOMING_FEATURE_MEMBER_IMPORT_VISIBILITY = YES;
				SWIFT_VERSION = 5.0;
				TARGETED_DEVICE_FAMILY = "1,2";
			};
			name = Release;
		};
		EBDBFF432FF15A34009D9148 /* Debug */ = {
			isa = XCBuildConfiguration;
			buildSettings = {
				ASSETCATALOG_COMPILER_APPICON_NAME = AppIcon;
				ASSETCATALOG_COMPILER_GLOBAL_ACCENT_COLOR_NAME = AccentColor;
				CODE_SIGN_IDENTITY = "Apple Development";
				CODE_SIGN_STYLE = Automatic;
				CURRENT_PROJECT_VERSION = 1;
				DEVELOPMENT_TEAM = 7QVWAH8C25;
				ENABLE_PREVIEWS = YES;
				GENERATE_INFOPLIST_FILE = YES;
				INFOPLIST_KEY_CFBundleDisplayName = LGWatch;
				INFOPLIST_KEY_UISupportedInterfaceOrientations = "UIInterfaceOrientationPortrait UIInterfaceOrientationPortraitUpsideDown";
				INFOPLIST_KEY_WKCompanionAppBundleIdentifier = com.haruki.lifegame;
				LD_RUNPATH_SEARCH_PATHS = (
					"$(inherited)",
					"@executable_path/Frameworks",
				);
				MARKETING_VERSION = 1.0;
				PRODUCT_BUNDLE_IDENTIFIER = com.haruki.lifegame.watchkitapp;
				PRODUCT_NAME = "$(TARGET_NAME)";
				SDKROOT = watchos;
				SKIP_INSTALL = YES;
				STRING_CATALOG_GENERATE_SYMBOLS = NO;
				SWIFT_APPROACHABLE_CONCURRENCY = YES;
				SWIFT_DEFAULT_ACTOR_ISOLATION = MainActor;
				SWIFT_EMIT_LOC_STRINGS = YES;
				SWIFT_UPCOMING_FEATURE_MEMBER_IMPORT_VISIBILITY = YES;
				SWIFT_VERSION = 5.0;
				TARGETED_DEVICE_FAMILY = 4;
				WATCHOS_DEPLOYMENT_TARGET = 26.2;
			};
			name = Debug;
		};
		EBDBFF442FF15A34009D9148 /* Release */ = {
			isa = XCBuildConfiguration;
			buildSettings = {
				ASSETCATALOG_COMPILER_APPICON_NAME = AppIcon;
				ASSETCATALOG_COMPILER_GLOBAL_ACCENT_COLOR_NAME = AccentColor;
				CODE_SIGN_STYLE = Automatic;
				CURRENT_PROJECT_VERSION = 1;
				DEVELOPMENT_TEAM = 7QVWAH8C25;
				ENABLE_PREVIEWS = YES;
				GENERATE_INFOPLIST_FILE = YES;
				INFOPLIST_KEY_CFBundleDisplayName = LGWatch;
				INFOPLIST_KEY_UISupportedInterfaceOrientations = "UIInterfaceOrientationPortrait UIInterfaceOrientationPortraitUpsideDown";
				INFOPLIST_KEY_WKCompanionAppBundleIdentifier = com.haruki.lifegame;
				LD_RUNPATH_SEARCH_PATHS = (
					"$(inherited)",
					"@executable_path/Frameworks",
				);
				MARKETING_VERSION = 1.0;
				PRODUCT_BUNDLE_IDENTIFIER = com.haruki.lifegame.watchkitapp;
				PRODUCT_NAME = "$(TARGET_NAME)";
				SDKROOT = watchos;
				SKIP_INSTALL = YES;
				STRING_CATALOG_GENERATE_SYMBOLS = NO;
				SWIFT_APPROACHABLE_CONCURRENCY = YES;
				SWIFT_DEFAULT_ACTOR_ISOLATION = MainActor;
				SWIFT_EMIT_LOC_STRINGS = YES;
				SWIFT_UPCOMING_FEATURE_MEMBER_IMPORT_VISIBILITY = YES;
				SWIFT_VERSION = 5.0;
				TARGETED_DEVICE_FAMILY = 4;
				WATCHOS_DEPLOYMENT_TARGET = 26.2;
			};
			name = Release;
		};
/* End XCBuildConfiguration section */

/* Begin XCConfigurationList section */
		EB05F3CB2FD2B77600D2B5A5 /* Build configuration list for PBXNativeTarget "LifeGameTests" */ = {
			isa = XCConfigurationList;
			buildConfigurations = (
				EB05F3CC2FD2B77600D2B5A5 /* Debug */,
				EB05F3CD2FD2B77600D2B5A5 /* Release */,
			);
			defaultConfigurationIsVisible = 0;
			defaultConfigurationName = Release;
		};
		EB6A19A82FE2A424001F1724 /* Build configuration list for PBXNativeTarget "LifeGameWidgetExtension" */ = {
			isa = XCConfigurationList;
			buildConfigurations = (
				EB6A19A62FE2A424001F1724 /* Debug */,
				EB6A19A72FE2A424001F1724 /* Release */,
			);
			defaultConfigurationIsVisible = 0;
			defaultConfigurationName = Release;
		};
		EB7D27582F5DAA2500E67CBE /* Build configuration list for PBXProject "LifeGame" */ = {
			isa = XCConfigurationList;
			buildConfigurations = (
				EB7D27662F5DAA2700E67CBE /* Debug */,
				EB7D27672F5DAA2700E67CBE /* Release */,
			);
			defaultConfigurationIsVisible = 0;
			defaultConfigurationName = Release;
		};
		EB7D27682F5DAA2700E67CBE /* Build configuration list for PBXNativeTarget "LifeGame" */ = {
			isa = XCConfigurationList;
			buildConfigurations = (
				EB7D27692F5DAA2700E67CBE /* Debug */,
				EB7D276A2F5DAA2700E67CBE /* Release */,
			);
			defaultConfigurationIsVisible = 0;
			defaultConfigurationName = Release;
		};
		EBDBFF452FF15A34009D9148 /* Build configuration list for PBXNativeTarget "LGWatch Watch App" */ = {
			isa = XCConfigurationList;
			buildConfigurations = (
				EBDBFF432FF15A34009D9148 /* Debug */,
				EBDBFF442FF15A34009D9148 /* Release */,
			);
			defaultConfigurationIsVisible = 0;
			defaultConfigurationName = Release;
		};
/* End XCConfigurationList section */

/* Begin XCRemoteSwiftPackageReference section */
		EB7B4ECF30262C6C00BB8BF1 /* XCRemoteSwiftPackageReference "rive-ios" */ = {
			isa = XCRemoteSwiftPackageReference;
			repositoryURL = "https://github.com/rive-app/rive-ios";
			requirement = {
				kind = upToNextMajorVersion;
				minimumVersion = 6.22.1;
			};
		};
/* End XCRemoteSwiftPackageReference section */

/* Begin XCSwiftPackageProductDependency section */
		EB7B4ED030262C6C00BB8BF1 /* RiveRuntime */ = {
			isa = XCSwiftPackageProductDependency;
			package = EB7B4ECF30262C6C00BB8BF1 /* XCRemoteSwiftPackageReference "rive-ios" */;
			productName = RiveRuntime;
		};
/* End XCSwiftPackageProductDependency section */
	};
	rootObject = EB7D27552F5DAA2500E67CBE /* Project object */;
}
